// !$*UTF8*$!
{
	archiveVersion = 1;
	classes = {
	};
	objectVersion = 46;
	objects = {

/* Begin PBXBuildFile section */
		273FD4E51CD8E5E100600116 /* main.m in Sources */ = {isa = PBXBuildFile; fileRef = 273FD4E41CD8E5E100600116 /* main.m */; };
		273FD4ED1CD8E5F100600116 /* XYPoint.m in Sources */ = {isa = PBXBuildFile; fileRef = 273FD4EC1CD8E5F100600116 /* XYPoint.m */; };
		273FD4F41CD8E88500600116 /* Rectangle.m in Sources */ = {isa = PBXBuildFile; fileRef = 273FD4F31CD8E88500600116 /* Rectangle.m */; };
/* End PBXBuildFile section */

/* Begin PBXCopyFilesBuildPhase section */
		273FD4DF1CD8E5E100600116 /* CopyFiles */ = {
			isa = PBXCopyFilesBuildPhase;
			buildActionMask = 2147483647;
			dstPath = /usr/share/man/man1/;
			dstSubfolderSpec = 0;
			files = (
			);
			runOnlyForDeploymentPostprocessing = 1;
		};
/* End PBXCopyFilesBuildPhase section */

/* Begin PBXFileReference section */
		273FD4E11CD8E5E100600116 /* Exe8.2 */ = {isa = PBXFileReference; explicitFileType = "compiled.mach-o.executable"; includeInIndex = 0; path = Exe8.2; sourceTree = BUILT_PRODUCTS_DIR; };
		273FD4E41CD8E5E100600116 /* main.m */ = {isa = PBXFileReference; lastKnownFileType = sourcecode.c.objc; path = main.m; sourceTree = "<group>"; };
		273FD4EB1CD8E5F100600116 /* XYPoint.h */ = {isa = PBXFileReference; fileEncoding = 4; lastKnownFileType = sourcecode.c.h; path = XYPoint.h; sourceTree = "<group>"; };
		273FD4EC1CD8E5F100600116 /* XYPoint.m */ = {isa = PBXFileReference; fileEncoding = 4; lastKnownFileType = sourcecode.c.objc; path = XYPoint.m; sourceTree = "<group>"; };
		273FD4F21CD8E88500600116 /* Rectangle.h */ = {isa = PBXFileReference; fileEncoding = 4; lastKnownFileType = sourcecode.c.h; name = Rectangle.h; path = ../Rectangle.h; sourceTree = "<group>"; };
		273FD4F31CD8E88500600116 /* Rectangle.m */ = {isa = PBXFileReference; fileEncoding = 4; lastKnownFileType = sourcecode.c.objc; name = Rectangle.m; path = ../Rectangle.m; sourceTree = "<group>"; };
/* End PBXFileReference section */

/* Begin PBXFrameworksBuildPhase section */
		273FD4DE1CD8E5E100600116 /* Frameworks */ = {
			isa = PBXFrameworksBuildPhase;
			buildActionMask = 2147483647;
			files = (
			);
			runOnlyForDeploymentPostprocessing = 0;
		};
/* End PBXFrameworksBuildPhase section */

/* Begin PBXGroup section */
		273FD4D81CD8E5E100600116 = {
			isa = PBXGroup;
			children = (
				273FD4E31CD8E5E100600116 /* Exe8.2 */,
				273FD4E21CD8E5E100600116 /* Products */,
			);
			sourceTree = "<group>";
		};
		273FD4E21CD8E5E100600116 /* Products */ = {
			isa = PBXGroup;
			children = (
				273FD4E11CD8E5E100600116 /* Exe8.2 */,
			);
			name = Products;
			sourceTree = "<group>";
		};
		273FD4E31CD8E5E100600116 /* Exe8.2 */ = {
			isa = PBXGroup;
			children = (
				273FD4E41CD8E5E100600116 /* main.m */,
				273FD4EB1CD8E5F100600116 /* XYPoint.h */,
				273FD4EC1CD8E5F100600116 /* XYPoint.m */,
				273FD4F21CD8E88500600116 /* Rectangle.h */,
				273FD4F31CD8E88500600116 /* Rectangle.m */,
			);
			path = Exe8.2;
			sourceTree = "<group>";
		};
/* End PBXGroup section */

/* Begin PBXNativeTarget section */
		273FD4E01CD8E5E100600116 /* Exe8.2 */ = {
			isa = PBXNativeTarget;
			buildConfigurationList = 273FD4E81CD8E5E100600116 /* Build configuration list for PBXNativeTarget "Exe8.2" */;
			buildPhases = (
				273FD4DD1CD8E5E100600116 /* Sources */,
				273FD4DE1CD8E5E100600116 /* Frameworks */,
				273FD4DF1CD8E5E100600116 /* CopyFiles */,
			);
			buildRules = (
			);
			dependencies = (
			);
			name = Exe8.2;
			productName = Exe8.2;
			productReference = 273FD4E11CD8E5E100600116 /* Exe8.2 */;
			productType = "com.apple.product-type.tool";
		};
/* End PBXNativeTarget section */

/* Begin PBXProject section */
		273FD4D91CD8E5E100600116 /* Project object */ = {
			isa = PBXProject;
			attributes = {
				LastUpgradeCheck = 0730;
				ORGANIZATIONNAME = Kyle_Zhang;
				TargetAttributes = {
					273FD4E01CD8E5E100600116 = {
						CreatedOnToolsVersion = 7.3;
					};
				};
			};
			buildConfigurationList = 273FD4DC1CD8E5E100600116 /* Build configuration list for PBXProject "Exe8.2" */;
			compatibilityVersion = "Xcode 3.2";
			developmentRegion = English;
			hasScannedForEncodings = 0;
			knownRegions = (
				en,
			);
			mainGroup = 273FD4D81CD8E5E100600116;
			productRefGroup = 273FD4E21CD8E5E100600116 /* Products */;
			projectDirPath = "";
			projectRoot = "";
			targets = (
				273FD4E01CD8E5E100600116 /* Exe8.2 */,
			);
		};
/* End PBXProject section */

/* Begin PBXSourcesBuildPhase section */
		273FD4DD1CD8E5E100600116 /* Sources */ = {
			isa = PBXSourcesBuildPhase;
			buildActionMask = 2147483647;
			files = (
				273FD4E51CD8E5E100600116 /* main.m in Sources */,
				273FD4ED1CD8E5F100600116 /* XYPoint.m in Sources */,
				273FD4F41CD8E88500600116 /* Rectangle.m in Sources */,
			);
			runOnlyForDeploymentPostprocessing = 0;
		};
/* End PBXSourcesBuildPhase section */

/* Begin XCBuildConfiguration section */
		273FD4E61CD8E5E100600116 /* Debug */ = {
			isa = XCBuildConfiguration;
			buildSettings = {
				ALWAYS_SEARCH_USER_PATHS = NO;
				CLANG_ANALYZER_NONNULL = YES;
				CLANG_CXX_LANGUAGE_STANDARD = "gnu++0x";
				CLANG_CXX_LIBRARY = "libc++";
				CLANG_ENABLE_MODULES = YES;
				CLANG_ENABLE_OBJC_ARC = YES;
				CLANG_WARN_BOOL_CONVERSION = YES;
				CLANG_WARN_CONSTANT_CONVERSION = YES;
				CLANG_WARN_DIRECT_OBJC_ISA_USAGE = YES_ERROR;
				CLANG_WARN_EMPTY_BODY = YES;
				CLANG_WARN_ENUM_CONVERSION = YES;
				CLANG_WARN_INT_CONVERSION = YES;
				CLANG_WARN_OBJC_ROOT_CLASS = YES_ERROR;
				CLANG_WARN_UNREACHABLE_CODE = YES;
				CLANG_WARN__DUPLICATE_METHOD_MATCH = YES;
				CODE_SIGN_IDENTITY = "-";
				COPY_PHASE_STRIP = NO;
				DEBUG_INFORMATION_FORMAT = dwarf;
				ENABLE_STRICT_OBJC_MSGSEND = YES;
				ENABLE_TESTABILITY = YES;
				GCC_C_LANGUAGE_STANDARD = gnu99;
				GCC_DYNAMIC_NO_PIC = NO;
				GCC_NO_COMMON_BLOCKS = YES;
				GCC_OPTIMIZATION_LEVEL = 0;
				GCC_PREPROCESSOR_DEFINITIONS = (
					"DEBUG=1",
					"$(inherited)",
				);
				GCC_WARN_64_TO_32_BIT_CONVERSION = YES;
				GCC_WARN_ABOUT_RETURN_TYPE = YES_ERROR;
				GCC_WARN_UNDECLARED_SELECTOR = YES;
				GCC_WARN_UNINITIALIZED_AUTOS = YES_AGGRESSIVE;
				GCC_WARN_UNUSED_FUNCTION = YES;
				GCC_WARN_UNUSED_VARIABLE = YES;
				MACOSX_DEPLOYMENT_TARGET = 10.11;
				MTL_ENABLE_DEBUG_INFO = YES;
				ONLY_ACTIVE_ARCH = YES;
				SDKROOT = macosx;
			};
			name = Debug;
		};
		273FD4E71CD8E5E100600116 /* Release */ = {
			isa = XCBuildConfiguration;
			buildSettings = {
				ALWAYS_SEARCH_USER_PATHS = NO;
				CLANG_ANALYZER_NONNULL = YES;
				CLANG_CXX_LANGUAGE_STANDARD = "gnu++0x";
				CLANG_CXX_LIBRARY = "libc++";
				CLANG_ENABLE_MODULES = YES;
				CLANG_ENABLE_OBJC_ARC = YES;
				CLANG_WARN_BOOL_CONVERSION = YES;
				CLANG_WARN_CONSTANT_CONVERSION = YES;
				CLANG_WARN_DIRECT_OBJC_ISA_USAGE = YES_ERROR;
				CLANG_WARN_EMPTY_BODY = YES;
				CLANG_WARN_ENUM_CONVERSION = YES;
				CLANG_WARN_INT_CONVERSION = YES;
				CLANG_WARN_OBJC_ROOT_CLASS = YES_ERROR;
				CLANG_WARN_UNREACHABLE_CODE = YES;
				CLANG_WARN__DUPLICATE_METHOD_MATCH = YES;
				CODE_SIGN_IDENTITY = "-";
				COPY_PHASE_STRIP = NO;
				DEBUG_INFORMATION_FORMAT = "dwarf-with-dsym";
				ENABLE_NS_ASSERTIONS = NO;
				ENABLE_STRICT_OBJC_MSGSEND = YES;
				GCC_C_LANGUAGE_STANDARD = gnu99;
				GCC_NO_COMMON_BLOCKS = YES;
				GCC_WARN_64_TO_32_BIT_CONVERSION = YES;
				GCC_WARN_ABOUT_RETURN_TYPE = YES_ERROR;
				GCC_WARN_UNDECLARED_SELECTOR = YES;
				GCC_WARN_UNINITIALIZED_AUTOS = YES_AGGRESSIVE;
				GCC_WARN_UNUSED_FUNCTION = YES;
				GCC_WARN_UNUSED_VARIABLE = YES;
				MACOSX_DEPLOYMENT_TARGET = 10.11;
				MTL_ENABLE_DEBUG_INFO = NO;
				SDKROOT = macosx;
			};
			name = Release;
		};
		273FD4E91CD8E5E100600116 /* Debug */ = {
			isa = XCBuildConfiguration;
			buildSettings = {
				PRODUCT_NAME = "$(TARGET_NAME)";
			};
			name = Debug;
		};
		273FD4EA1CD8E5E100600116 /* Release */ = {
			isa = XCBuildConfiguration;
			buildSettings = {
				PRODUCT_NAME = "$(TARGET_NAME)";
			};
			name = Release;
		};
/* End XCBuildConfiguration section */

/* Begin XCConfigurationList section */
		273FD4DC1CD8E5E100600116 /* Build configuration list for PBXProject "Exe8.2" */ = {
			isa = XCConfigurationList;
			buildConfigurations = (
				273FD4E61CD8E5E100600116 /* Debug */,
				273FD4E71CD8E5E100600116 /* Release */,
			);
			defaultConfigurationIsVisible = 0;
			defaultConfigurationName = Release;
		};
		273FD4E81CD8E5E100600116 /* Build configuration list for PBXNativeTarget "Exe8.2" */ = {
			isa = XCConfigurationList;
			buildConfigurations = (
				273FD4E91CD8E5E100600116 /* Debug */,
				273FD4EA1CD8E5E100600116 /* Release */,
			);
			defaultConfigurationIsVisible = 0;
		};
/* End XCConfigurationList section */
	};
	rootObject = 273FD4D91CD8E5E100600116 /* Project object */;
}
