// !$*UTF8*$!
{
	archiveVersion = 1;
	classes = {
	};
	objectVersion = 46;
	objects = {

/* Begin PBXBuildFile section */
		27A825941CC0DC5300B5859D /* main.m in Sources */ = {isa = PBXBuildFile; fileRef = 27A825931CC0DC5300B5859D /* main.m */; };
		27A825971CC0DC5300B5859D /* AppDelegate.m in Sources */ = {isa = PBXBuildFile; fileRef = 27A825961CC0DC5300B5859D /* AppDelegate.m */; };
		27A8259A1CC0DC5300B5859D /* ViewController.m in Sources */ = {isa = PBXBuildFile; fileRef = 27A825991CC0DC5300B5859D /* ViewController.m */; };
		27A8259D1CC0DC5300B5859D /* Main.storyboard in Resources */ = {isa = PBXBuildFile; fileRef = 27A8259B1CC0DC5300B5859D /* Main.storyboard */; };
		27A8259F1CC0DC5300B5859D /* Assets.xcassets in Resources */ = {isa = PBXBuildFile; fileRef = 27A8259E1CC0DC5300B5859D /* Assets.xcassets */; };
		27A825A21CC0DC5300B5859D /* LaunchScreen.storyboard in Resources */ = {isa = PBXBuildFile; fileRef = 27A825A01CC0DC5300B5859D /* LaunchScreen.storyboard */; };
		27A825AD1CC0DC5300B5859D /* StackViewTests.m in Sources */ = {isa = PBXBuildFile; fileRef = 27A825AC1CC0DC5300B5859D /* StackViewTests.m */; };
		27A825B81CC0DC5300B5859D /* StackViewUITests.m in Sources */ = {isa = PBXBuildFile; fileRef = 27A825B71CC0DC5300B5859D /* StackViewUITests.m */; };
/* End PBXBuildFile section */

/* Begin PBXContainerItemProxy section */
		27A825A91CC0DC5300B5859D /* PBXContainerItemProxy */ = {
			isa = PBXContainerItemProxy;
			containerPortal = 27A825871CC0DC5300B5859D /* Project object */;
			proxyType = 1;
			remoteGlobalIDString = 27A8258E1CC0DC5300B5859D;
			remoteInfo = StackView;
		};
		27A825B41CC0DC5300B5859D /* PBXContainerItemProxy */ = {
			isa = PBXContainerItemProxy;
			containerPortal = 27A825871CC0DC5300B5859D /* Project object */;
			proxyType = 1;
			remoteGlobalIDString = 27A8258E1CC0DC5300B5859D;
			remoteInfo = StackView;
		};
/* End PBXContainerItemProxy section */

/* Begin PBXFileReference section */
		27A8258F1CC0DC5300B5859D /* StackView.app */ = {isa = PBXFileReference; explicitFileType = wrapper.application; includeInIndex = 0; path = StackView.app; sourceTree = BUILT_PRODUCTS_DIR; };
		27A825931CC0DC5300B5859D /* main.m */ = {isa = PBXFileReference; lastKnownFileType = sourcecode.c.objc; path = main.m; sourceTree = "<group>"; };
		27A825951CC0DC5300B5859D /* AppDelegate.h */ = {isa = PBXFileReference; lastKnownFileType = sourcecode.c.h; path = AppDelegate.h; sourceTree = "<group>"; };
		27A825961CC0DC5300B5859D /* AppDelegate.m */ = {isa = PBXFileReference; lastKnownFileType = sourcecode.c.objc; path = AppDelegate.m; sourceTree = "<group>"; };
		27A825981CC0DC5300B5859D /* ViewController.h */ = {isa = PBXFileReference; lastKnownFileType = sourcecode.c.h; path = ViewController.h; sourceTree = "<group>"; };
		27A825991CC0DC5300B5859D /* ViewController.m */ = {isa = PBXFileReference; lastKnownFileType = sourcecode.c.objc; path = ViewController.m; sourceTree = "<group>"; };
		27A8259C1CC0DC5300B5859D /* Base */ = {isa = PBXFileReference; lastKnownFileType = file.storyboard; name = Base; path = Base.lproj/Main.storyboard; sourceTree = "<group>"; };
		27A8259E1CC0DC5300B5859D /* Assets.xcassets */ = {isa = PBXFileReference; lastKnownFileType = folder.assetcatalog; path = Assets.xcassets; sourceTree = "<group>"; };
		27A825A11CC0DC5300B5859D /* Base */ = {isa = PBXFileReference; lastKnownFileType = file.storyboard; name = Base; path = Base.lproj/LaunchScreen.storyboard; sourceTree = "<group>"; };
		27A825A31CC0DC5300B5859D /* Info.plist */ = {isa = PBXFileReference; lastKnownFileType = text.plist.xml; path = Info.plist; sourceTree = "<group>"; };
		27A825A81CC0DC5300B5859D /* StackViewTests.xctest */ = {isa = PBXFileReference; explicitFileType = wrapper.cfbundle; includeInIndex = 0; path = StackViewTests.xctest; sourceTree = BUILT_PRODUCTS_DIR; };
		27A825AC1CC0DC5300B5859D /* StackViewTests.m */ = {isa = PBXFileReference; lastKnownFileType = sourcecode.c.objc; path = StackViewTests.m; sourceTree = "<group>"; };
		27A825AE1CC0DC5300B5859D /* Info.plist */ = {isa = PBXFileReference; lastKnownFileType = text.plist.xml; path = Info.plist; sourceTree = "<group>"; };
		27A825B31CC0DC5300B5859D /* StackViewUITests.xctest */ = {isa = PBXFileReference; explicitFileType = wrapper.cfbundle; includeInIndex = 0; path = StackViewUITests.xctest; sourceTree = BUILT_PRODUCTS_DIR; };
		27A825B71CC0DC5300B5859D /* StackViewUITests.m */ = {isa = PBXFileReference; lastKnownFileType = sourcecode.c.objc; path = StackViewUITests.m; sourceTree = "<group>"; };
		27A825B91CC0DC5300B5859D /* Info.plist */ = {isa = PBXFileReference; lastKnownFileType = text.plist.xml; path = Info.plist; sourceTree = "<group>"; };
/* End PBXFileReference section */

/* Begin PBXFrameworksBuildPhase section */
		27A8258C1CC0DC5300B5859D /* Frameworks */ = {
			isa = PBXFrameworksBuildPhase;
			buildActionMask = 2147483647;
			files = (
			);
			runOnlyForDeploymentPostprocessing = 0;
		};
		27A825A51CC0DC5300B5859D /* Frameworks */ = {
			isa = PBXFrameworksBuildPhase;
			buildActionMask = 2147483647;
			files = (
			);
			runOnlyForDeploymentPostprocessing = 0;
		};
		27A825B01CC0DC5300B5859D /* Frameworks */ = {
			isa = PBXFrameworksBuildPhase;
			buildActionMask = 2147483647;
			files = (
			);
			runOnlyForDeploymentPostprocessing = 0;
		};
/* End PBXFrameworksBuildPhase section */

/* Begin PBXGroup section */
		27A825861CC0DC5300B5859D = {
			isa = PBXGroup;
			children = (
				27A825911CC0DC5300B5859D /* StackView */,
				27A825AB1CC0DC5300B5859D /* StackViewTests */,
				27A825B61CC0DC5300B5859D /* StackViewUITests */,
				27A825901CC0DC5300B5859D /* Products */,
			);
			sourceTree = "<group>";
		};
		27A825901CC0DC5300B5859D /* Products */ = {
			isa = PBXGroup;
			children = (
				27A8258F1CC0DC5300B5859D /* StackView.app */,
				27A825A81CC0DC5300B5859D /* StackViewTests.xctest */,
				27A825B31CC0DC5300B5859D /* StackViewUITests.xctest */,
			);
			name = Products;
			sourceTree = "<group>";
		};
		27A825911CC0DC5300B5859D /* StackView */ = {
			isa = PBXGroup;
			children = (
				27A825951CC0DC5300B5859D /* AppDelegate.h */,
				27A825961CC0DC5300B5859D /* AppDelegate.m */,
				27A825981CC0DC5300B5859D /* ViewController.h */,
				27A825991CC0DC5300B5859D /* ViewController.m */,
				27A8259B1CC0DC5300B5859D /* Main.storyboard */,
				27A8259E1CC0DC5300B5859D /* Assets.xcassets */,
				27A825A01CC0DC5300B5859D /* LaunchScreen.storyboard */,
				27A825A31CC0DC5300B5859D /* Info.plist */,
				27A825921CC0DC5300B5859D /* Supporting Files */,
			);
			path = StackView;
			sourceTree = "<group>";
		};
		27A825921CC0DC5300B5859D /* Supporting Files */ = {
			isa = PBXGroup;
			children = (
				27A825931CC0DC5300B5859D /* main.m */,
			);
			name = "Supporting Files";
			sourceTree = "<group>";
		};
		27A825AB1CC0DC5300B5859D /* StackViewTests */ = {
			isa = PBXGroup;
			children = (
				27A825AC1CC0DC5300B5859D /* StackViewTests.m */,
				27A825AE1CC0DC5300B5859D /* Info.plist */,
			);
			path = StackViewTests;
			sourceTree = "<group>";
		};
		27A825B61CC0DC5300B5859D /* StackViewUITests */ = {
			isa = PBXGroup;
			children = (
				27A825B71CC0DC5300B5859D /* StackViewUITests.m */,
				27A825B91CC0DC5300B5859D /* Info.plist */,
			);
			path = StackViewUITests;
			sourceTree = "<group>";
		};
/* End PBXGroup section */

/* Begin PBXNativeTarget section */
		27A8258E1CC0DC5300B5859D /* StackView */ = {
			isa = PBXNativeTarget;
			buildConfigurationList = 27A825BC1CC0DC5300B5859D /* Build configuration list for PBXNativeTarget "StackView" */;
			buildPhases = (
				27A8258B1CC0DC5300B5859D /* Sources */,
				27A8258C1CC0DC5300B5859D /* Frameworks */,
				27A8258D1CC0DC5300B5859D /* Resources */,
			);
			buildRules = (
			);
			dependencies = (
			);
			name = StackView;
			productName = StackView;
			productReference = 27A8258F1CC0DC5300B5859D /* StackView.app */;
			productType = "com.apple.product-type.application";
		};
		27A825A71CC0DC5300B5859D /* StackViewTests */ = {
			isa = PBXNativeTarget;
			buildConfigurationList = 27A825BF1CC0DC5300B5859D /* Build configuration list for PBXNativeTarget "StackViewTests" */;
			buildPhases = (
				27A825A41CC0DC5300B5859D /* Sources */,
				27A825A51CC0DC5300B5859D /* Frameworks */,
				27A825A61CC0DC5300B5859D /* Resources */,
			);
			buildRules = (
			);
			dependencies = (
				27A825AA1CC0DC5300B5859D /* PBXTargetDependency */,
			);
			name = StackViewTests;
			productName = StackViewTests;
			productReference = 27A825A81CC0DC5300B5859D /* StackViewTests.xctest */;
			productType = "com.apple.product-type.bundle.unit-test";
		};
		27A825B21CC0DC5300B5859D /* StackViewUITests */ = {
			isa = PBXNativeTarget;
			buildConfigurationList = 27A825C21CC0DC5300B5859D /* Build configuration list for PBXNativeTarget "StackViewUITests" */;
			buildPhases = (
				27A825AF1CC0DC5300B5859D /* Sources */,
				27A825B01CC0DC5300B5859D /* Frameworks */,
				27A825B11CC0DC5300B5859D /* Resources */,
			);
			buildRules = (
			);
			dependencies = (
				27A825B51CC0DC5300B5859D /* PBXTargetDependency */,
			);
			name = StackViewUITests;
			productName = StackViewUITests;
			productReference = 27A825B31CC0DC5300B5859D /* StackViewUITests.xctest */;
			productType = "com.apple.product-type.bundle.ui-testing";
		};
/* End PBXNativeTarget section */

/* Begin PBXProject section */
		27A825871CC0DC5300B5859D /* Project object */ = {
			isa = PBXProject;
			attributes = {
				LastUpgradeCheck = 0730;
				ORGANIZATIONNAME = Kyle;
				TargetAttributes = {
					27A8258E1CC0DC5300B5859D = {
						CreatedOnToolsVersion = 7.3;
					};
					27A825A71CC0DC5300B5859D = {
						CreatedOnToolsVersion = 7.3;
						TestTargetID = 27A8258E1CC0DC5300B5859D;
					};
					27A825B21CC0DC5300B5859D = {
						CreatedOnToolsVersion = 7.3;
						TestTargetID = 27A8258E1CC0DC5300B5859D;
					};
				};
			};
			buildConfigurationList = 27A8258A1CC0DC5300B5859D /* Build configuration list for PBXProject "StackView" */;
			compatibilityVersion = "Xcode 3.2";
			developmentRegion = English;
			hasScannedForEncodings = 0;
			knownRegions = (
				en,
				Base,
			);
			mainGroup = 27A825861CC0DC5300B5859D;
			productRefGroup = 27A825901CC0DC5300B5859D /* Products */;
			projectDirPath = "";
			projectRoot = "";
			targets = (
				27A8258E1CC0DC5300B5859D /* StackView */,
				27A825A71CC0DC5300B5859D /* StackViewTests */,
				27A825B21CC0DC5300B5859D /* StackViewUITests */,
			);
		};
/* End PBXProject section */

/* Begin PBXResourcesBuildPhase section */
		27A8258D1CC0DC5300B5859D /* Resources */ = {
			isa = PBXResourcesBuildPhase;
			buildActionMask = 2147483647;
			files = (
				27A825A21CC0DC5300B5859D /* LaunchScreen.storyboard in Resources */,
				27A8259F1CC0DC5300B5859D /* Assets.xcassets in Resources */,
				27A8259D1CC0DC5300B5859D /* Main.storyboard in Resources */,
			);
			runOnlyForDeploymentPostprocessing = 0;
		};
		27A825A61CC0DC5300B5859D /* Resources */ = {
			isa = PBXResourcesBuildPhase;
			buildActionMask = 2147483647;
			files = (
			);
			runOnlyForDeploymentPostprocessing = 0;
		};
		27A825B11CC0DC5300B5859D /* Resources */ = {
			isa = PBXResourcesBuildPhase;
			buildActionMask = 2147483647;
			files = (
			);
			runOnlyForDeploymentPostprocessing = 0;
		};
/* End PBXResourcesBuildPhase section */

/* Begin PBXSourcesBuildPhase section */
		27A8258B1CC0DC5300B5859D /* Sources */ = {
			isa = PBXSourcesBuildPhase;
			buildActionMask = 2147483647;
			files = (
				27A8259A1CC0DC5300B5859D /* ViewController.m in Sources */,
				27A825971CC0DC5300B5859D /* AppDelegate.m in Sources */,
				27A825941CC0DC5300B5859D /* main.m in Sources */,
			);
			runOnlyForDeploymentPostprocessing = 0;
		};
		27A825A41CC0DC5300B5859D /* Sources */ = {
			isa = PBXSourcesBuildPhase;
			buildActionMask = 2147483647;
			files = (
				27A825AD1CC0DC5300B5859D /* StackViewTests.m in Sources */,
			);
			runOnlyForDeploymentPostprocessing = 0;
		};
		27A825AF1CC0DC5300B5859D /* Sources */ = {
			isa = PBXSourcesBuildPhase;
			buildActionMask = 2147483647;
			files = (
				27A825B81CC0DC5300B5859D /* StackViewUITests.m in Sources */,
			);
			runOnlyForDeploymentPostprocessing = 0;
		};
/* End PBXSourcesBuildPhase section */

/* Begin PBXTargetDependency section */
		27A825AA1CC0DC5300B5859D /* PBXTargetDependency */ = {
			isa = PBXTargetDependency;
			target = 27A8258E1CC0DC5300B5859D /* StackView */;
			targetProxy = 27A825A91CC0DC5300B5859D /* PBXContainerItemProxy */;
		};
		27A825B51CC0DC5300B5859D /* PBXTargetDependency */ = {
			isa = PBXTargetDependency;
			target = 27A8258E1CC0DC5300B5859D /* StackView */;
			targetProxy = 27A825B41CC0DC5300B5859D /* PBXContainerItemProxy */;
		};
/* End PBXTargetDependency section */

/* Begin PBXVariantGroup section */
		27A8259B1CC0DC5300B5859D /* Main.storyboard */ = {
			isa = PBXVariantGroup;
			children = (
				27A8259C1CC0DC5300B5859D /* Base */,
			);
			name = Main.storyboard;
			sourceTree = "<group>";
		};
		27A825A01CC0DC5300B5859D /* LaunchScreen.storyboard */ = {
			isa = PBXVariantGroup;
			children = (
				27A825A11CC0DC5300B5859D /* Base */,
			);
			name = LaunchScreen.storyboard;
			sourceTree = "<group>";
		};
/* End PBXVariantGroup section */

/* Begin XCBuildConfiguration section */
		27A825BA1CC0DC5300B5859D /* Debug */ = {
			isa = XCBuildConfiguration;
			buildSettings = {
				ALWAYS_SEARCH_USER_PATHS = NO;
				CLANG_ANALYZER_NONNULL = YES;
				CLANG_CXX_LANGUAGE_STANDARD = "gnu++0x";
				CLANG_CXX_LIBRARY = "libc++";
				CLANG_ENABLE_MODULES = YES;
				CLANG_ENABLE_OBJC_ARC = YES;
				CLANG_WARN_BOOL_CONVERSION = YES;
				CLANG_WARN_CONSTANT_CONVERSION = YES;
				CLANG_WARN_DIRECT_OBJC_ISA_USAGE = YES_ERROR;
				CLANG_WARN_EMPTY_BODY = YES;
				CLANG_WARN_ENUM_CONVERSION = YES;
				CLANG_WARN_INT_CONVERSION = YES;
				CLANG_WARN_OBJC_ROOT_CLASS = YES_ERROR;
				CLANG_WARN_UNREACHABLE_CODE = YES;
				CLANG_WARN__DUPLICATE_METHOD_MATCH = YES;
				"CODE_SIGN_IDENTITY[sdk=iphoneos*]" = "iPhone Developer";
				COPY_PHASE_STRIP = NO;
				DEBUG_INFORMATION_FORMAT = dwarf;
				ENABLE_STRICT_OBJC_MSGSEND = YES;
				ENABLE_TESTABILITY = YES;
				GCC_C_LANGUAGE_STANDARD = gnu99;
				GCC_DYNAMIC_NO_PIC = NO;
				GCC_NO_COMMON_BLOCKS = YES;
				GCC_OPTIMIZATION_LEVEL = 0;
				GCC_PREPROCESSOR_DEFINITIONS = (
					"DEBUG=1",
					"$(inherited)",
				);
				GCC_WARN_64_TO_32_BIT_CONVERSION = YES;
				GCC_WARN_ABOUT_RETURN_TYPE = YES_ERROR;
				GCC_WARN_UNDECLARED_SELECTOR = YES;
				GCC_WARN_UNINITIALIZED_AUTOS = YES_AGGRESSIVE;
				GCC_WARN_UNUSED_FUNCTION = YES;
				GCC_WARN_UNUSED_VARIABLE = YES;
				IPHONEOS_DEPLOYMENT_TARGET = 9.3;
				MTL_ENABLE_DEBUG_INFO = YES;
				ONLY_ACTIVE_ARCH = YES;
				SDKROOT = iphoneos;
				TARGETED_DEVICE_FAMILY = "1,2";
			};
			name = Debug;
		};
		27A825BB1CC0DC5300B5859D /* Release */ = {
			isa = XCBuildConfiguration;
			buildSettings = {
				ALWAYS_SEARCH_USER_PATHS = NO;
				CLANG_ANALYZER_NONNULL = YES;
				CLANG_CXX_LANGUAGE_STANDARD = "gnu++0x";
				CLANG_CXX_LIBRARY = "libc++";
				CLANG_ENABLE_MODULES = YES;
				CLANG_ENABLE_OBJC_ARC = YES;
				CLANG_WARN_BOOL_CONVERSION = YES;
				CLANG_WARN_CONSTANT_CONVERSION = YES;
				CLANG_WARN_DIRECT_OBJC_ISA_USAGE = YES_ERROR;
				CLANG_WARN_EMPTY_BODY = YES;
				CLANG_WARN_ENUM_CONVERSION = YES;
				CLANG_WARN_INT_CONVERSION = YES;
				CLANG_WARN_OBJC_ROOT_CLASS = YES_ERROR;
				CLANG_WARN_UNREACHABLE_CODE = YES;
				CLANG_WARN__DUPLICATE_METHOD_MATCH = YES;
				"CODE_SIGN_IDENTITY[sdk=iphoneos*]" = "iPhone Developer";
				COPY_PHASE_STRIP = NO;
				DEBUG_INFORMATION_FORMAT = "dwarf-with-dsym";
				ENABLE_NS_ASSERTIONS = NO;
				ENABLE_STRICT_OBJC_MSGSEND = YES;
				GCC_C_LANGUAGE_STANDARD = gnu99;
				GCC_NO_COMMON_BLOCKS = YES;
				GCC_WARN_64_TO_32_BIT_CONVERSION = YES;
				GCC_WARN_ABOUT_RETURN_TYPE = YES_ERROR;
				GCC_WARN_UNDECLARED_SELECTOR = YES;
				GCC_WARN_UNINITIALIZED_AUTOS = YES_AGGRESSIVE;
				GCC_WARN_UNUSED_FUNCTION = YES;
				GCC_WARN_UNUSED_VARIABLE = YES;
				IPHONEOS_DEPLOYMENT_TARGET = 9.3;
				MTL_ENABLE_DEBUG_INFO = NO;
				SDKROOT = iphoneos;
				TARGETED_DEVICE_FAMILY = "1,2";
				VALIDATE_PRODUCT = YES;
			};
			name = Release;
		};
		27A825BD1CC0DC5300B5859D /* Debug */ = {
			isa = XCBuildConfiguration;
			buildSettings = {
				ASSETCATALOG_COMPILER_APPICON_NAME = AppIcon;
				INFOPLIST_FILE = StackView/Info.plist;
				LD_RUNPATH_SEARCH_PATHS = "$(inherited) @executable_path/Frameworks";
				PRODUCT_BUNDLE_IDENTIFIER = com.univesal.zk.StackView;
				PRODUCT_NAME = "$(TARGET_NAME)";
			};
			name = Debug;
		};
		27A825BE1CC0DC5300B5859D /* Release */ = {
			isa = XCBuildConfiguration;
			buildSettings = {
				ASSETCATALOG_COMPILER_APPICON_NAME = AppIcon;
				INFOPLIST_FILE = StackView/Info.plist;
				LD_RUNPATH_SEARCH_PATHS = "$(inherited) @executable_path/Frameworks";
				PRODUCT_BUNDLE_IDENTIFIER = com.univesal.zk.StackView;
				PRODUCT_NAME = "$(TARGET_NAME)";
			};
			name = Release;
		};
		27A825C01CC0DC5300B5859D /* Debug */ = {
			isa = XCBuildConfiguration;
			buildSettings = {
				BUNDLE_LOADER = "$(TEST_HOST)";
				INFOPLIST_FILE = StackViewTests/Info.plist;
				LD_RUNPATH_SEARCH_PATHS = "$(inherited) @executable_path/Frameworks @loader_path/Frameworks";
				PRODUCT_BUNDLE_IDENTIFIER = com.univesal.zk.StackViewTests;
				PRODUCT_NAME = "$(TARGET_NAME)";
				TEST_HOST = "$(BUILT_PRODUCTS_DIR)/StackView.app/StackView";
			};
			name = Debug;
		};
		27A825C11CC0DC5300B5859D /* Release */ = {
			isa = XCBuildConfiguration;
			buildSettings = {
				BUNDLE_LOADER = "$(TEST_HOST)";
				INFOPLIST_FILE = StackViewTests/Info.plist;
				LD_RUNPATH_SEARCH_PATHS = "$(inherited) @executable_path/Frameworks @loader_path/Frameworks";
				PRODUCT_BUNDLE_IDENTIFIER = com.univesal.zk.StackViewTests;
				PRODUCT_NAME = "$(TARGET_NAME)";
				TEST_HOST = "$(BUILT_PRODUCTS_DIR)/StackView.app/StackView";
			};
			name = Release;
		};
		27A825C31CC0DC5300B5859D /* Debug */ = {
			isa = XCBuildConfiguration;
			buildSettings = {
				INFOPLIST_FILE = StackViewUITests/Info.plist;
				LD_RUNPATH_SEARCH_PATHS = "$(inherited) @executable_path/Frameworks @loader_path/Frameworks";
				PRODUCT_BUNDLE_IDENTIFIER = com.univesal.zk.StackViewUITests;
				PRODUCT_NAME = "$(TARGET_NAME)";
				TEST_TARGET_NAME = StackView;
			};
			name = Debug;
		};
		27A825C41CC0DC5300B5859D /* Release */ = {
			isa = XCBuildConfiguration;
			buildSettings = {
				INFOPLIST_FILE = StackViewUITests/Info.plist;
				LD_RUNPATH_SEARCH_PATHS = "$(inherited) @executable_path/Frameworks @loader_path/Frameworks";
				PRODUCT_BUNDLE_IDENTIFIER = com.univesal.zk.StackViewUITests;
				PRODUCT_NAME = "$(TARGET_NAME)";
				TEST_TARGET_NAME = StackView;
			};
			name = Release;
		};
/* End XCBuildConfiguration section */

/* Begin XCConfigurationList section */
		27A8258A1CC0DC5300B5859D /* Build configuration list for PBXProject "StackView" */ = {
			isa = XCConfigurationList;
			buildConfigurations = (
				27A825BA1CC0DC5300B5859D /* Debug */,
				27A825BB1CC0DC5300B5859D /* Release */,
			);
			defaultConfigurationIsVisible = 0;
			defaultConfigurationName = Release;
		};
		27A825BC1CC0DC5300B5859D /* Build configuration list for PBXNativeTarget "StackView" */ = {
			isa = XCConfigurationList;
			buildConfigurations = (
				27A825BD1CC0DC5300B5859D /* Debug */,
				27A825BE1CC0DC5300B5859D /* Release */,
			);
			defaultConfigurationIsVisible = 0;
		};
		27A825BF1CC0DC5300B5859D /* Build configuration list for PBXNativeTarget "StackViewTests" */ = {
			isa = XCConfigurationList;
			buildConfigurations = (
				27A825C01CC0DC5300B5859D /* Debug */,
				27A825C11CC0DC5300B5859D /* Release */,
			);
			defaultConfigurationIsVisible = 0;
		};
		27A825C21CC0DC5300B5859D /* Build configuration list for PBXNativeTarget "StackViewUITests" */ = {
			isa = XCConfigurationList;
			buildConfigurations = (
				27A825C31CC0DC5300B5859D /* Debug */,
				27A825C41CC0DC5300B5859D /* Release */,
			);
			defaultConfigurationIsVisible = 0;
		};
/* End XCConfigurationList section */
	};
	rootObject = 27A825871CC0DC5300B5859D /* Project object */;
}
