// !$*UTF8*$!
{
	archiveVersion = 1;
	classes = {
	};
	objectVersion = 46;
	objects = {

/* Begin PBXBuildFile section */
		27ADCB471CC4B7540057868C /* main.m in Sources */ = {isa = PBXBuildFile; fileRef = 27ADCB461CC4B7540057868C /* main.m */; };
		27ADCB4A1CC4B7540057868C /* AppDelegate.m in Sources */ = {isa = PBXBuildFile; fileRef = 27ADCB491CC4B7540057868C /* AppDelegate.m */; };
		27ADCB4D1CC4B7540057868C /* ViewController.m in Sources */ = {isa = PBXBuildFile; fileRef = 27ADCB4C1CC4B7540057868C /* ViewController.m */; };
		27ADCB501CC4B7540057868C /* Main.storyboard in Resources */ = {isa = PBXBuildFile; fileRef = 27ADCB4E1CC4B7540057868C /* Main.storyboard */; };
		27ADCB521CC4B7540057868C /* Assets.xcassets in Resources */ = {isa = PBXBuildFile; fileRef = 27ADCB511CC4B7540057868C /* Assets.xcassets */; };
		27ADCB551CC4B7550057868C /* LaunchScreen.storyboard in Resources */ = {isa = PBXBuildFile; fileRef = 27ADCB531CC4B7550057868C /* LaunchScreen.storyboard */; };
		27ADCB601CC4B7550057868C /* _181Tests.m in Sources */ = {isa = PBXBuildFile; fileRef = 27ADCB5F1CC4B7550057868C /* _181Tests.m */; };
		27ADCB6B1CC4B7550057868C /* _181UITests.m in Sources */ = {isa = PBXBuildFile; fileRef = 27ADCB6A1CC4B7550057868C /* _181UITests.m */; };
/* End PBXBuildFile section */

/* Begin PBXContainerItemProxy section */
		27ADCB5C1CC4B7550057868C /* PBXContainerItemProxy */ = {
			isa = PBXContainerItemProxy;
			containerPortal = 27ADCB3A1CC4B7540057868C /* Project object */;
			proxyType = 1;
			remoteGlobalIDString = 27ADCB411CC4B7540057868C;
			remoteInfo = 4181;
		};
		27ADCB671CC4B7550057868C /* PBXContainerItemProxy */ = {
			isa = PBXContainerItemProxy;
			containerPortal = 27ADCB3A1CC4B7540057868C /* Project object */;
			proxyType = 1;
			remoteGlobalIDString = 27ADCB411CC4B7540057868C;
			remoteInfo = 4181;
		};
/* End PBXContainerItemProxy section */

/* Begin PBXFileReference section */
		27ADCB421CC4B7540057868C /* 4181.app */ = {isa = PBXFileReference; explicitFileType = wrapper.application; includeInIndex = 0; path = 4181.app; sourceTree = BUILT_PRODUCTS_DIR; };
		27ADCB461CC4B7540057868C /* main.m */ = {isa = PBXFileReference; lastKnownFileType = sourcecode.c.objc; path = main.m; sourceTree = "<group>"; };
		27ADCB481CC4B7540057868C /* AppDelegate.h */ = {isa = PBXFileReference; lastKnownFileType = sourcecode.c.h; path = AppDelegate.h; sourceTree = "<group>"; };
		27ADCB491CC4B7540057868C /* AppDelegate.m */ = {isa = PBXFileReference; lastKnownFileType = sourcecode.c.objc; path = AppDelegate.m; sourceTree = "<group>"; };
		27ADCB4B1CC4B7540057868C /* ViewController.h */ = {isa = PBXFileReference; lastKnownFileType = sourcecode.c.h; path = ViewController.h; sourceTree = "<group>"; };
		27ADCB4C1CC4B7540057868C /* ViewController.m */ = {isa = PBXFileReference; lastKnownFileType = sourcecode.c.objc; path = ViewController.m; sourceTree = "<group>"; };
		27ADCB4F1CC4B7540057868C /* Base */ = {isa = PBXFileReference; lastKnownFileType = file.storyboard; name = Base; path = Base.lproj/Main.storyboard; sourceTree = "<group>"; };
		27ADCB511CC4B7540057868C /* Assets.xcassets */ = {isa = PBXFileReference; lastKnownFileType = folder.assetcatalog; path = Assets.xcassets; sourceTree = "<group>"; };
		27ADCB541CC4B7550057868C /* Base */ = {isa = PBXFileReference; lastKnownFileType = file.storyboard; name = Base; path = Base.lproj/LaunchScreen.storyboard; sourceTree = "<group>"; };
		27ADCB561CC4B7550057868C /* Info.plist */ = {isa = PBXFileReference; lastKnownFileType = text.plist.xml; path = Info.plist; sourceTree = "<group>"; };
		27ADCB5B1CC4B7550057868C /* 4181Tests.xctest */ = {isa = PBXFileReference; explicitFileType = wrapper.cfbundle; includeInIndex = 0; path = 4181Tests.xctest; sourceTree = BUILT_PRODUCTS_DIR; };
		27ADCB5F1CC4B7550057868C /* _181Tests.m */ = {isa = PBXFileReference; lastKnownFileType = sourcecode.c.objc; path = _181Tests.m; sourceTree = "<group>"; };
		27ADCB611CC4B7550057868C /* Info.plist */ = {isa = PBXFileReference; lastKnownFileType = text.plist.xml; path = Info.plist; sourceTree = "<group>"; };
		27ADCB661CC4B7550057868C /* 4181UITests.xctest */ = {isa = PBXFileReference; explicitFileType = wrapper.cfbundle; includeInIndex = 0; path = 4181UITests.xctest; sourceTree = BUILT_PRODUCTS_DIR; };
		27ADCB6A1CC4B7550057868C /* _181UITests.m */ = {isa = PBXFileReference; lastKnownFileType = sourcecode.c.objc; path = _181UITests.m; sourceTree = "<group>"; };
		27ADCB6C1CC4B7550057868C /* Info.plist */ = {isa = PBXFileReference; lastKnownFileType = text.plist.xml; path = Info.plist; sourceTree = "<group>"; };
/* End PBXFileReference section */

/* Begin PBXFrameworksBuildPhase section */
		27ADCB3F1CC4B7540057868C /* Frameworks */ = {
			isa = PBXFrameworksBuildPhase;
			buildActionMask = 2147483647;
			files = (
			);
			runOnlyForDeploymentPostprocessing = 0;
		};
		27ADCB581CC4B7550057868C /* Frameworks */ = {
			isa = PBXFrameworksBuildPhase;
			buildActionMask = 2147483647;
			files = (
			);
			runOnlyForDeploymentPostprocessing = 0;
		};
		27ADCB631CC4B7550057868C /* Frameworks */ = {
			isa = PBXFrameworksBuildPhase;
			buildActionMask = 2147483647;
			files = (
			);
			runOnlyForDeploymentPostprocessing = 0;
		};
/* End PBXFrameworksBuildPhase section */

/* Begin PBXGroup section */
		27ADCB391CC4B7540057868C = {
			isa = PBXGroup;
			children = (
				27ADCB441CC4B7540057868C /* 4181 */,
				27ADCB5E1CC4B7550057868C /* 4181Tests */,
				27ADCB691CC4B7550057868C /* 4181UITests */,
				27ADCB431CC4B7540057868C /* Products */,
			);
			sourceTree = "<group>";
		};
		27ADCB431CC4B7540057868C /* Products */ = {
			isa = PBXGroup;
			children = (
				27ADCB421CC4B7540057868C /* 4181.app */,
				27ADCB5B1CC4B7550057868C /* 4181Tests.xctest */,
				27ADCB661CC4B7550057868C /* 4181UITests.xctest */,
			);
			name = Products;
			sourceTree = "<group>";
		};
		27ADCB441CC4B7540057868C /* 4181 */ = {
			isa = PBXGroup;
			children = (
				27ADCB481CC4B7540057868C /* AppDelegate.h */,
				27ADCB491CC4B7540057868C /* AppDelegate.m */,
				27ADCB4B1CC4B7540057868C /* ViewController.h */,
				27ADCB4C1CC4B7540057868C /* ViewController.m */,
				27ADCB4E1CC4B7540057868C /* Main.storyboard */,
				27ADCB511CC4B7540057868C /* Assets.xcassets */,
				27ADCB531CC4B7550057868C /* LaunchScreen.storyboard */,
				27ADCB561CC4B7550057868C /* Info.plist */,
				27ADCB451CC4B7540057868C /* Supporting Files */,
			);
			path = 4181;
			sourceTree = "<group>";
		};
		27ADCB451CC4B7540057868C /* Supporting Files */ = {
			isa = PBXGroup;
			children = (
				27ADCB461CC4B7540057868C /* main.m */,
			);
			name = "Supporting Files";
			sourceTree = "<group>";
		};
		27ADCB5E1CC4B7550057868C /* 4181Tests */ = {
			isa = PBXGroup;
			children = (
				27ADCB5F1CC4B7550057868C /* _181Tests.m */,
				27ADCB611CC4B7550057868C /* Info.plist */,
			);
			path = 4181Tests;
			sourceTree = "<group>";
		};
		27ADCB691CC4B7550057868C /* 4181UITests */ = {
			isa = PBXGroup;
			children = (
				27ADCB6A1CC4B7550057868C /* _181UITests.m */,
				27ADCB6C1CC4B7550057868C /* Info.plist */,
			);
			path = 4181UITests;
			sourceTree = "<group>";
		};
/* End PBXGroup section */

/* Begin PBXNativeTarget section */
		27ADCB411CC4B7540057868C /* 4181 */ = {
			isa = PBXNativeTarget;
			buildConfigurationList = 27ADCB6F1CC4B7550057868C /* Build configuration list for PBXNativeTarget "4181" */;
			buildPhases = (
				27ADCB3E1CC4B7540057868C /* Sources */,
				27ADCB3F1CC4B7540057868C /* Frameworks */,
				27ADCB401CC4B7540057868C /* Resources */,
			);
			buildRules = (
			);
			dependencies = (
			);
			name = 4181;
			productName = 4181;
			productReference = 27ADCB421CC4B7540057868C /* 4181.app */;
			productType = "com.apple.product-type.application";
		};
		27ADCB5A1CC4B7550057868C /* 4181Tests */ = {
			isa = PBXNativeTarget;
			buildConfigurationList = 27ADCB721CC4B7550057868C /* Build configuration list for PBXNativeTarget "4181Tests" */;
			buildPhases = (
				27ADCB571CC4B7550057868C /* Sources */,
				27ADCB581CC4B7550057868C /* Frameworks */,
				27ADCB591CC4B7550057868C /* Resources */,
			);
			buildRules = (
			);
			dependencies = (
				27ADCB5D1CC4B7550057868C /* PBXTargetDependency */,
			);
			name = 4181Tests;
			productName = 4181Tests;
			productReference = 27ADCB5B1CC4B7550057868C /* 4181Tests.xctest */;
			productType = "com.apple.product-type.bundle.unit-test";
		};
		27ADCB651CC4B7550057868C /* 4181UITests */ = {
			isa = PBXNativeTarget;
			buildConfigurationList = 27ADCB751CC4B7550057868C /* Build configuration list for PBXNativeTarget "4181UITests" */;
			buildPhases = (
				27ADCB621CC4B7550057868C /* Sources */,
				27ADCB631CC4B7550057868C /* Frameworks */,
				27ADCB641CC4B7550057868C /* Resources */,
			);
			buildRules = (
			);
			dependencies = (
				27ADCB681CC4B7550057868C /* PBXTargetDependency */,
			);
			name = 4181UITests;
			productName = 4181UITests;
			productReference = 27ADCB661CC4B7550057868C /* 4181UITests.xctest */;
			productType = "com.apple.product-type.bundle.ui-testing";
		};
/* End PBXNativeTarget section */

/* Begin PBXProject section */
		27ADCB3A1CC4B7540057868C /* Project object */ = {
			isa = PBXProject;
			attributes = {
				LastUpgradeCheck = 0730;
				ORGANIZATIONNAME = Kyle;
				TargetAttributes = {
					27ADCB411CC4B7540057868C = {
						CreatedOnToolsVersion = 7.3;
					};
					27ADCB5A1CC4B7550057868C = {
						CreatedOnToolsVersion = 7.3;
						TestTargetID = 27ADCB411CC4B7540057868C;
					};
					27ADCB651CC4B7550057868C = {
						CreatedOnToolsVersion = 7.3;
						TestTargetID = 27ADCB411CC4B7540057868C;
					};
				};
			};
			buildConfigurationList = 27ADCB3D1CC4B7540057868C /* Build configuration list for PBXProject "4181" */;
			compatibilityVersion = "Xcode 3.2";
			developmentRegion = English;
			hasScannedForEncodings = 0;
			knownRegions = (
				en,
				Base,
			);
			mainGroup = 27ADCB391CC4B7540057868C;
			productRefGroup = 27ADCB431CC4B7540057868C /* Products */;
			projectDirPath = "";
			projectRoot = "";
			targets = (
				27ADCB411CC4B7540057868C /* 4181 */,
				27ADCB5A1CC4B7550057868C /* 4181Tests */,
				27ADCB651CC4B7550057868C /* 4181UITests */,
			);
		};
/* End PBXProject section */

/* Begin PBXResourcesBuildPhase section */
		27ADCB401CC4B7540057868C /* Resources */ = {
			isa = PBXResourcesBuildPhase;
			buildActionMask = 2147483647;
			files = (
				27ADCB551CC4B7550057868C /* LaunchScreen.storyboard in Resources */,
				27ADCB521CC4B7540057868C /* Assets.xcassets in Resources */,
				27ADCB501CC4B7540057868C /* Main.storyboard in Resources */,
			);
			runOnlyForDeploymentPostprocessing = 0;
		};
		27ADCB591CC4B7550057868C /* Resources */ = {
			isa = PBXResourcesBuildPhase;
			buildActionMask = 2147483647;
			files = (
			);
			runOnlyForDeploymentPostprocessing = 0;
		};
		27ADCB641CC4B7550057868C /* Resources */ = {
			isa = PBXResourcesBuildPhase;
			buildActionMask = 2147483647;
			files = (
			);
			runOnlyForDeploymentPostprocessing = 0;
		};
/* End PBXResourcesBuildPhase section */

/* Begin PBXSourcesBuildPhase section */
		27ADCB3E1CC4B7540057868C /* Sources */ = {
			isa = PBXSourcesBuildPhase;
			buildActionMask = 2147483647;
			files = (
				27ADCB4D1CC4B7540057868C /* ViewController.m in Sources */,
				27ADCB4A1CC4B7540057868C /* AppDelegate.m in Sources */,
				27ADCB471CC4B7540057868C /* main.m in Sources */,
			);
			runOnlyForDeploymentPostprocessing = 0;
		};
		27ADCB571CC4B7550057868C /* Sources */ = {
			isa = PBXSourcesBuildPhase;
			buildActionMask = 2147483647;
			files = (
				27ADCB601CC4B7550057868C /* _181Tests.m in Sources */,
			);
			runOnlyForDeploymentPostprocessing = 0;
		};
		27ADCB621CC4B7550057868C /* Sources */ = {
			isa = PBXSourcesBuildPhase;
			buildActionMask = 2147483647;
			files = (
				27ADCB6B1CC4B7550057868C /* _181UITests.m in Sources */,
			);
			runOnlyForDeploymentPostprocessing = 0;
		};
/* End PBXSourcesBuildPhase section */

/* Begin PBXTargetDependency section */
		27ADCB5D1CC4B7550057868C /* PBXTargetDependency */ = {
			isa = PBXTargetDependency;
			target = 27ADCB411CC4B7540057868C /* 4181 */;
			targetProxy = 27ADCB5C1CC4B7550057868C /* PBXContainerItemProxy */;
		};
		27ADCB681CC4B7550057868C /* PBXTargetDependency */ = {
			isa = PBXTargetDependency;
			target = 27ADCB411CC4B7540057868C /* 4181 */;
			targetProxy = 27ADCB671CC4B7550057868C /* PBXContainerItemProxy */;
		};
/* End PBXTargetDependency section */

/* Begin PBXVariantGroup section */
		27ADCB4E1CC4B7540057868C /* Main.storyboard */ = {
			isa = PBXVariantGroup;
			children = (
				27ADCB4F1CC4B7540057868C /* Base */,
			);
			name = Main.storyboard;
			sourceTree = "<group>";
		};
		27ADCB531CC4B7550057868C /* LaunchScreen.storyboard */ = {
			isa = PBXVariantGroup;
			children = (
				27ADCB541CC4B7550057868C /* Base */,
			);
			name = LaunchScreen.storyboard;
			sourceTree = "<group>";
		};
/* End PBXVariantGroup section */

/* Begin XCBuildConfiguration section */
		27ADCB6D1CC4B7550057868C /* Debug */ = {
			isa = XCBuildConfiguration;
			buildSettings = {
				ALWAYS_SEARCH_USER_PATHS = NO;
				CLANG_ANALYZER_NONNULL = YES;
				CLANG_CXX_LANGUAGE_STANDARD = "gnu++0x";
				CLANG_CXX_LIBRARY = "libc++";
				CLANG_ENABLE_MODULES = YES;
				CLANG_ENABLE_OBJC_ARC = YES;
				CLANG_WARN_BOOL_CONVERSION = YES;
				CLANG_WARN_CONSTANT_CONVERSION = YES;
				CLANG_WARN_DIRECT_OBJC_ISA_USAGE = YES_ERROR;
				CLANG_WARN_EMPTY_BODY = YES;
				CLANG_WARN_ENUM_CONVERSION = YES;
				CLANG_WARN_INT_CONVERSION = YES;
				CLANG_WARN_OBJC_ROOT_CLASS = YES_ERROR;
				CLANG_WARN_UNREACHABLE_CODE = YES;
				CLANG_WARN__DUPLICATE_METHOD_MATCH = YES;
				"CODE_SIGN_IDENTITY[sdk=iphoneos*]" = "iPhone Developer";
				COPY_PHASE_STRIP = NO;
				DEBUG_INFORMATION_FORMAT = dwarf;
				ENABLE_STRICT_OBJC_MSGSEND = YES;
				ENABLE_TESTABILITY = YES;
				GCC_C_LANGUAGE_STANDARD = gnu99;
				GCC_DYNAMIC_NO_PIC = NO;
				GCC_NO_COMMON_BLOCKS = YES;
				GCC_OPTIMIZATION_LEVEL = 0;
				GCC_PREPROCESSOR_DEFINITIONS = (
					"DEBUG=1",
					"$(inherited)",
				);
				GCC_WARN_64_TO_32_BIT_CONVERSION = YES;
				GCC_WARN_ABOUT_RETURN_TYPE = YES_ERROR;
				GCC_WARN_UNDECLARED_SELECTOR = YES;
				GCC_WARN_UNINITIALIZED_AUTOS = YES_AGGRESSIVE;
				GCC_WARN_UNUSED_FUNCTION = YES;
				GCC_WARN_UNUSED_VARIABLE = YES;
				IPHONEOS_DEPLOYMENT_TARGET = 9.3;
				MTL_ENABLE_DEBUG_INFO = YES;
				ONLY_ACTIVE_ARCH = YES;
				SDKROOT = iphoneos;
				TARGETED_DEVICE_FAMILY = "1,2";
			};
			name = Debug;
		};
		27ADCB6E1CC4B7550057868C /* Release */ = {
			isa = XCBuildConfiguration;
			buildSettings = {
				ALWAYS_SEARCH_USER_PATHS = NO;
				CLANG_ANALYZER_NONNULL = YES;
				CLANG_CXX_LANGUAGE_STANDARD = "gnu++0x";
				CLANG_CXX_LIBRARY = "libc++";
				CLANG_ENABLE_MODULES = YES;
				CLANG_ENABLE_OBJC_ARC = YES;
				CLANG_WARN_BOOL_CONVERSION = YES;
				CLANG_WARN_CONSTANT_CONVERSION = YES;
				CLANG_WARN_DIRECT_OBJC_ISA_USAGE = YES_ERROR;
				CLANG_WARN_EMPTY_BODY = YES;
				CLANG_WARN_ENUM_CONVERSION = YES;
				CLANG_WARN_INT_CONVERSION = YES;
				CLANG_WARN_OBJC_ROOT_CLASS = YES_ERROR;
				CLANG_WARN_UNREACHABLE_CODE = YES;
				CLANG_WARN__DUPLICATE_METHOD_MATCH = YES;
				"CODE_SIGN_IDENTITY[sdk=iphoneos*]" = "iPhone Developer";
				COPY_PHASE_STRIP = NO;
				DEBUG_INFORMATION_FORMAT = "dwarf-with-dsym";
				ENABLE_NS_ASSERTIONS = NO;
				ENABLE_STRICT_OBJC_MSGSEND = YES;
				GCC_C_LANGUAGE_STANDARD = gnu99;
				GCC_NO_COMMON_BLOCKS = YES;
				GCC_WARN_64_TO_32_BIT_CONVERSION = YES;
				GCC_WARN_ABOUT_RETURN_TYPE = YES_ERROR;
				GCC_WARN_UNDECLARED_SELECTOR = YES;
				GCC_WARN_UNINITIALIZED_AUTOS = YES_AGGRESSIVE;
				GCC_WARN_UNUSED_FUNCTION = YES;
				GCC_WARN_UNUSED_VARIABLE = YES;
				IPHONEOS_DEPLOYMENT_TARGET = 9.3;
				MTL_ENABLE_DEBUG_INFO = NO;
				SDKROOT = iphoneos;
				TARGETED_DEVICE_FAMILY = "1,2";
				VALIDATE_PRODUCT = YES;
			};
			name = Release;
		};
		27ADCB701CC4B7550057868C /* Debug */ = {
			isa = XCBuildConfiguration;
			buildSettings = {
				ASSETCATALOG_COMPILER_APPICON_NAME = AppIcon;
				INFOPLIST_FILE = 4181/Info.plist;
				LD_RUNPATH_SEARCH_PATHS = "$(inherited) @executable_path/Frameworks";
				PRODUCT_BUNDLE_IDENTIFIER = "com.universal.zk.-181";
				PRODUCT_NAME = "$(TARGET_NAME)";
			};
			name = Debug;
		};
		27ADCB711CC4B7550057868C /* Release */ = {
			isa = XCBuildConfiguration;
			buildSettings = {
				ASSETCATALOG_COMPILER_APPICON_NAME = AppIcon;
				INFOPLIST_FILE = 4181/Info.plist;
				LD_RUNPATH_SEARCH_PATHS = "$(inherited) @executable_path/Frameworks";
				PRODUCT_BUNDLE_IDENTIFIER = "com.universal.zk.-181";
				PRODUCT_NAME = "$(TARGET_NAME)";
			};
			name = Release;
		};
		27ADCB731CC4B7550057868C /* Debug */ = {
			isa = XCBuildConfiguration;
			buildSettings = {
				BUNDLE_LOADER = "$(TEST_HOST)";
				INFOPLIST_FILE = 4181Tests/Info.plist;
				LD_RUNPATH_SEARCH_PATHS = "$(inherited) @executable_path/Frameworks @loader_path/Frameworks";
				PRODUCT_BUNDLE_IDENTIFIER = "com.universal.zk.-181Tests";
				PRODUCT_NAME = "$(TARGET_NAME)";
				TEST_HOST = "$(BUILT_PRODUCTS_DIR)/4181.app/4181";
			};
			name = Debug;
		};
		27ADCB741CC4B7550057868C /* Release */ = {
			isa = XCBuildConfiguration;
			buildSettings = {
				BUNDLE_LOADER = "$(TEST_HOST)";
				INFOPLIST_FILE = 4181Tests/Info.plist;
				LD_RUNPATH_SEARCH_PATHS = "$(inherited) @executable_path/Frameworks @loader_path/Frameworks";
				PRODUCT_BUNDLE_IDENTIFIER = "com.universal.zk.-181Tests";
				PRODUCT_NAME = "$(TARGET_NAME)";
				TEST_HOST = "$(BUILT_PRODUCTS_DIR)/4181.app/4181";
			};
			name = Release;
		};
		27ADCB761CC4B7550057868C /* Debug */ = {
			isa = XCBuildConfiguration;
			buildSettings = {
				INFOPLIST_FILE = 4181UITests/Info.plist;
				LD_RUNPATH_SEARCH_PATHS = "$(inherited) @executable_path/Frameworks @loader_path/Frameworks";
				PRODUCT_BUNDLE_IDENTIFIER = "com.universal.zk.-181UITests";
				PRODUCT_NAME = "$(TARGET_NAME)";
				TEST_TARGET_NAME = 4181;
			};
			name = Debug;
		};
		27ADCB771CC4B7550057868C /* Release */ = {
			isa = XCBuildConfiguration;
			buildSettings = {
				INFOPLIST_FILE = 4181UITests/Info.plist;
				LD_RUNPATH_SEARCH_PATHS = "$(inherited) @executable_path/Frameworks @loader_path/Frameworks";
				PRODUCT_BUNDLE_IDENTIFIER = "com.universal.zk.-181UITests";
				PRODUCT_NAME = "$(TARGET_NAME)";
				TEST_TARGET_NAME = 4181;
			};
			name = Release;
		};
/* End XCBuildConfiguration section */

/* Begin XCConfigurationList section */
		27ADCB3D1CC4B7540057868C /* Build configuration list for PBXProject "4181" */ = {
			isa = XCConfigurationList;
			buildConfigurations = (
				27ADCB6D1CC4B7550057868C /* Debug */,
				27ADCB6E1CC4B7550057868C /* Release */,
			);
			defaultConfigurationIsVisible = 0;
			defaultConfigurationName = Release;
		};
		27ADCB6F1CC4B7550057868C /* Build configuration list for PBXNativeTarget "4181" */ = {
			isa = XCConfigurationList;
			buildConfigurations = (
				27ADCB701CC4B7550057868C /* Debug */,
				27ADCB711CC4B7550057868C /* Release */,
			);
			defaultConfigurationIsVisible = 0;
		};
		27ADCB721CC4B7550057868C /* Build configuration list for PBXNativeTarget "4181Tests" */ = {
			isa = XCConfigurationList;
			buildConfigurations = (
				27ADCB731CC4B7550057868C /* Debug */,
				27ADCB741CC4B7550057868C /* Release */,
			);
			defaultConfigurationIsVisible = 0;
		};
		27ADCB751CC4B7550057868C /* Build configuration list for PBXNativeTarget "4181UITests" */ = {
			isa = XCConfigurationList;
			buildConfigurations = (
				27ADCB761CC4B7550057868C /* Debug */,
				27ADCB771CC4B7550057868C /* Release */,
			);
			defaultConfigurationIsVisible = 0;
		};
/* End XCConfigurationList section */
	};
	rootObject = 27ADCB3A1CC4B7540057868C /* Project object */;
}
