// !$*UTF8*$!
{
	archiveVersion = 1;
	classes = {
	};
	objectVersion = 46;
	objects = {

/* Begin PBXBuildFile section */
		273FD4971CD8C21500600116 /* main.m in Sources */ = {isa = PBXBuildFile; fileRef = 273FD4961CD8C21500600116 /* main.m */; };
		273FD49F1CD8C33B00600116 /* Fraction.m in Sources */ = {isa = PBXBuildFile; fileRef = 273FD49E1CD8C33B00600116 /* Fraction.m */; };
/* End PBXBuildFile section */

/* Begin PBXCopyFilesBuildPhase section */
		273FD4911CD8C21500600116 /* CopyFiles */ = {
			isa = PBXCopyFilesBuildPhase;
			buildActionMask = 2147483647;
			dstPath = /usr/share/man/man1/;
			dstSubfolderSpec = 0;
			files = (
			);
			runOnlyForDeploymentPostprocessing = 1;
		};
/* End PBXCopyFilesBuildPhase section */

/* Begin PBXFileReference section */
		273FD4931CD8C21500600116 /* Exe7.5 */ = {isa = PBXFileReference; explicitFileType = "compiled.mach-o.executable"; includeInIndex = 0; path = Exe7.5; sourceTree = BUILT_PRODUCTS_DIR; };
		273FD4961CD8C21500600116 /* main.m */ = {isa = PBXFileReference; lastKnownFileType = sourcecode.c.objc; path = main.m; sourceTree = "<group>"; };
		273FD49D1CD8C33B00600116 /* Fraction.h */ = {isa = PBXFileReference; fileEncoding = 4; lastKnownFileType = sourcecode.c.h; path = Fraction.h; sourceTree = "<group>"; };
		273FD49E1CD8C33B00600116 /* Fraction.m */ = {isa = PBXFileReference; fileEncoding = 4; lastKnownFileType = sourcecode.c.objc; path = Fraction.m; sourceTree = "<group>"; };
/* End PBXFileReference section */

/* Begin PBXFrameworksBuildPhase section */
		273FD4901CD8C21500600116 /* Frameworks */ = {
			isa = PBXFrameworksBuildPhase;
			buildActionMask = 2147483647;
			files = (
			);
			runOnlyForDeploymentPostprocessing = 0;
		};
/* End PBXFrameworksBuildPhase section */

/* Begin PBXGroup section */
		273FD48A1CD8C21500600116 = {
			isa = PBXGroup;
			children = (
				273FD4951CD8C21500600116 /* Exe7.5 */,
				273FD4941CD8C21500600116 /* Products */,
			);
			sourceTree = "<group>";
		};
		273FD4941CD8C21500600116 /* Products */ = {
			isa = PBXGroup;
			children = (
				273FD4931CD8C21500600116 /* Exe7.5 */,
			);
			name = Products;
			sourceTree = "<group>";
		};
		273FD4951CD8C21500600116 /* Exe7.5 */ = {
			isa = PBXGroup;
			children = (
				273FD4961CD8C21500600116 /* main.m */,
				273FD49D1CD8C33B00600116 /* Fraction.h */,
				273FD49E1CD8C33B00600116 /* Fraction.m */,
			);
			path = Exe7.5;
			sourceTree = "<group>";
		};
/* End PBXGroup section */

/* Begin PBXNativeTarget section */
		273FD4921CD8C21500600116 /* Exe7.5 */ = {
			isa = PBXNativeTarget;
			buildConfigurationList = 273FD49A1CD8C21500600116 /* Build configuration list for PBXNativeTarget "Exe7.5" */;
			buildPhases = (
				273FD48F1CD8C21500600116 /* Sources */,
				273FD4901CD8C21500600116 /* Frameworks */,
				273FD4911CD8C21500600116 /* CopyFiles */,
			);
			buildRules = (
			);
			dependencies = (
			);
			name = Exe7.5;
			productName = Exe7.5;
			productReference = 273FD4931CD8C21500600116 /* Exe7.5 */;
			productType = "com.apple.product-type.tool";
		};
/* End PBXNativeTarget section */

/* Begin PBXProject section */
		273FD48B1CD8C21500600116 /* Project object */ = {
			isa = PBXProject;
			attributes = {
				LastUpgradeCheck = 0730;
				ORGANIZATIONNAME = Kyle_Zhang;
				TargetAttributes = {
					273FD4921CD8C21500600116 = {
						CreatedOnToolsVersion = 7.3;
					};
				};
			};
			buildConfigurationList = 273FD48E1CD8C21500600116 /* Build configuration list for PBXProject "Exe7.5" */;
			compatibilityVersion = "Xcode 3.2";
			developmentRegion = English;
			hasScannedForEncodings = 0;
			knownRegions = (
				en,
			);
			mainGroup = 273FD48A1CD8C21500600116;
			productRefGroup = 273FD4941CD8C21500600116 /* Products */;
			projectDirPath = "";
			projectRoot = "";
			targets = (
				273FD4921CD8C21500600116 /* Exe7.5 */,
			);
		};
/* End PBXProject section */

/* Begin PBXSourcesBuildPhase section */
		273FD48F1CD8C21500600116 /* Sources */ = {
			isa = PBXSourcesBuildPhase;
			buildActionMask = 2147483647;
			files = (
				273FD4971CD8C21500600116 /* main.m in Sources */,
				273FD49F1CD8C33B00600116 /* Fraction.m in Sources */,
			);
			runOnlyForDeploymentPostprocessing = 0;
		};
/* End PBXSourcesBuildPhase section */

/* Begin XCBuildConfiguration section */
		273FD4981CD8C21500600116 /* Debug */ = {
			isa = XCBuildConfiguration;
			buildSettings = {
				ALWAYS_SEARCH_USER_PATHS = NO;
				CLANG_ANALYZER_NONNULL = YES;
				CLANG_CXX_LANGUAGE_STANDARD = "gnu++0x";
				CLANG_CXX_LIBRARY = "libc++";
				CLANG_ENABLE_MODULES = YES;
				CLANG_ENABLE_OBJC_ARC = YES;
				CLANG_WARN_BOOL_CONVERSION = YES;
				CLANG_WARN_CONSTANT_CONVERSION = YES;
				CLANG_WARN_DIRECT_OBJC_ISA_USAGE = YES_ERROR;
				CLANG_WARN_EMPTY_BODY = YES;
				CLANG_WARN_ENUM_CONVERSION = YES;
				CLANG_WARN_INT_CONVERSION = YES;
				CLANG_WARN_OBJC_ROOT_CLASS = YES_ERROR;
				CLANG_WARN_UNREACHABLE_CODE = YES;
				CLANG_WARN__DUPLICATE_METHOD_MATCH = YES;
				CODE_SIGN_IDENTITY = "-";
				COPY_PHASE_STRIP = NO;
				DEBUG_INFORMATION_FORMAT = dwarf;
				ENABLE_STRICT_OBJC_MSGSEND = YES;
				ENABLE_TESTABILITY = YES;
				GCC_C_LANGUAGE_STANDARD = gnu99;
				GCC_DYNAMIC_NO_PIC = NO;
				GCC_NO_COMMON_BLOCKS = YES;
				GCC_OPTIMIZATION_LEVEL = 0;
				GCC_PREPROCESSOR_DEFINITIONS = (
					"DEBUG=1",
					"$(inherited)",
				);
				GCC_WARN_64_TO_32_BIT_CONVERSION = YES;
				GCC_WARN_ABOUT_RETURN_TYPE = YES_ERROR;
				GCC_WARN_UNDECLARED_SELECTOR = YES;
				GCC_WARN_UNINITIALIZED_AUTOS = YES_AGGRESSIVE;
				GCC_WARN_UNUSED_FUNCTION = YES;
				GCC_WARN_UNUSED_VARIABLE = YES;
				MACOSX_DEPLOYMENT_TARGET = 10.11;
				MTL_ENABLE_DEBUG_INFO = YES;
				ONLY_ACTIVE_ARCH = YES;
				SDKROOT = macosx;
			};
			name = Debug;
		};
		273FD4991CD8C21500600116 /* Release */ = {
			isa = XCBuildConfiguration;
			buildSettings = {
				ALWAYS_SEARCH_USER_PATHS = NO;
				CLANG_ANALYZER_NONNULL = YES;
				CLANG_CXX_LANGUAGE_STANDARD = "gnu++0x";
				CLANG_CXX_LIBRARY = "libc++";
				CLANG_ENABLE_MODULES = YES;
				CLANG_ENABLE_OBJC_ARC = YES;
				CLANG_WARN_BOOL_CONVERSION = YES;
				CLANG_WARN_CONSTANT_CONVERSION = YES;
				CLANG_WARN_DIRECT_OBJC_ISA_USAGE = YES_ERROR;
				CLANG_WARN_EMPTY_BODY = YES;
				CLANG_WARN_ENUM_CONVERSION = YES;
				CLANG_WARN_INT_CONVERSION = YES;
				CLANG_WARN_OBJC_ROOT_CLASS = YES_ERROR;
				CLANG_WARN_UNREACHABLE_CODE = YES;
				CLANG_WARN__DUPLICATE_METHOD_MATCH = YES;
				CODE_SIGN_IDENTITY = "-";
				COPY_PHASE_STRIP = NO;
				DEBUG_INFORMATION_FORMAT = "dwarf-with-dsym";
				ENABLE_NS_ASSERTIONS = NO;
				ENABLE_STRICT_OBJC_MSGSEND = YES;
				GCC_C_LANGUAGE_STANDARD = gnu99;
				GCC_NO_COMMON_BLOCKS = YES;
				GCC_WARN_64_TO_32_BIT_CONVERSION = YES;
				GCC_WARN_ABOUT_RETURN_TYPE = YES_ERROR;
				GCC_WARN_UNDECLARED_SELECTOR = YES;
				GCC_WARN_UNINITIALIZED_AUTOS = YES_AGGRESSIVE;
				GCC_WARN_UNUSED_FUNCTION = YES;
				GCC_WARN_UNUSED_VARIABLE = YES;
				MACOSX_DEPLOYMENT_TARGET = 10.11;
				MTL_ENABLE_DEBUG_INFO = NO;
				SDKROOT = macosx;
			};
			name = Release;
		};
		273FD49B1CD8C21500600116 /* Debug */ = {
			isa = XCBuildConfiguration;
			buildSettings = {
				PRODUCT_NAME = "$(TARGET_NAME)";
			};
			name = Debug;
		};
		273FD49C1CD8C21500600116 /* Release */ = {
			isa = XCBuildConfiguration;
			buildSettings = {
				PRODUCT_NAME = "$(TARGET_NAME)";
			};
			name = Release;
		};
/* End XCBuildConfiguration section */

/* Begin XCConfigurationList section */
		273FD48E1CD8C21500600116 /* Build configuration list for PBXProject "Exe7.5" */ = {
			isa = XCConfigurationList;
			buildConfigurations = (
				273FD4981CD8C21500600116 /* Debug */,
				273FD4991CD8C21500600116 /* Release */,
			);
			defaultConfigurationIsVisible = 0;
			defaultConfigurationName = Release;
		};
		273FD49A1CD8C21500600116 /* Build configuration list for PBXNativeTarget "Exe7.5" */ = {
			isa = XCConfigurationList;
			buildConfigurations = (
				273FD49B1CD8C21500600116 /* Debug */,
				273FD49C1CD8C21500600116 /* Release */,
			);
			defaultConfigurationIsVisible = 0;
		};
/* End XCConfigurationList section */
	};
	rootObject = 273FD48B1CD8C21500600116 /* Project object */;
}
